lockfileVersion: '9.0'

settings:
  autoInstallPeers: true
  excludeLinksFromLockfile: false

importers:

  .:
    devDependencies:
      '@tauri-apps/api':
        specifier: 2.7.0
        version: 2.7.0
      typescript:
        specifier: ^5.0.0
        version: 5.8.3

packages:

  '@tauri-apps/api@2.7.0':
    resolution: {integrity: sha512-v7fVE8jqBl8xJFOcBafDzXFc8FnicoH3j8o8DNNs0tHuEBmXUDqrCOAzMRX0UkfpwqZLqvrvK0GNQ45DfnoVDg==}

  typescript@5.8.3:
    resolution: {integrity: sha512-p1diW6TqL9L07nNxvRMM7hMMw4c5XOo/1ibL4aAIGmSAt9slTE1Xgw5KWuof2uTOvCg9BY7ZRi+GaF+7sfgPeQ==}
    engines: {node: '>=14.17'}
    hasBin: true

snapshots:

  '@tauri-apps/api@2.7.0': {}

  typescript@5.8.3: {}
